schema: '2.0'
stages:
  data_ingestion:
    cmd: python3 src/data/data_ingestion.py
    deps:
    - path: src/data/data_ingestion.py
      hash: md5
      md5: 764a016d10b8b2b3fc8807b0f5373f4a
      size: 2730
    params:
      params.yaml:
        data_ingestion.test_size: 0.2
    outs:
    - path: data/raw
      hash: md5
      md5: b44f108bef631af6dcc12f1d0290b77b.dir
      size: 876848
      nfiles: 2
  data_preprocessing:
    cmd: python3 src/data/data_preprocessing.py
    deps:
    - path: data/raw
      hash: md5
      md5: b44f108bef631af6dcc12f1d0290b77b.dir
      size: 876848
      nfiles: 2
    - path: src/data/data_preprocessing.py
      hash: md5
      md5: 17425f8585024700afe45bbfe4f0e4fc
      size: 3311
    outs:
    - path: data/processed
      hash: md5
      md5: 5b0c387a3dbf439ced8559aac961d058.dir
      size: 615105
      nfiles: 2
  feature_engineering:
    cmd: python3 src/features/feature_engineering.py
    deps:
    - path: data/processed
      hash: md5
      md5: 5b0c387a3dbf439ced8559aac961d058.dir
      size: 615105
      nfiles: 2
    - path: src/features/feature_engineering.py
      hash: md5
      md5: 340d6aa3ff2e7917d63ba50e4ae3f011
      size: 3318
    params:
      params.yaml:
        feature_engineering.max_features: 100
    outs:
    - path: data/features
      hash: md5
      md5: b551a5ccdc99528cfcc0a7b26f5e2d0a.dir
      size: 4524721
      nfiles: 2
  model_building:
    cmd: python3 src/models/model_building.py
    deps:
    - path: data/features/
      hash: md5
      md5: b551a5ccdc99528cfcc0a7b26f5e2d0a.dir
      size: 4524721
      nfiles: 2
    - path: src/models/model_building.py
      hash: md5
      md5: 69ec0f5c0595cb68dcc8c872607c8906
      size: 1801
    outs:
    - path: models/model.pkl
      hash: md5
      md5: 747ac0c41884477459b6acfbf78cc10f
      size: 134575
  model_evaluation:
    cmd: python3 src/models/model_evaluation.py
    deps:
    - path: models/model.pkl
      hash: md5
      md5: 747ac0c41884477459b6acfbf78cc10f
      size: 134575
    - path: src/models/model_evaluation.py
      hash: md5
      md5: 80af41ba8861b7eae230fac2d19810cb
      size: 2800
    params:
      params.yaml:
        model_building.learning_rate: 0.1
        model_building.n_estimators: 100
    outs:
    - path: reports/metrics.json
      hash: md5
      md5: fc81e4999f966dac4e83bdb4a4d85153
      size: 140
